
Microsoft Visual Studio Solution File, Format Version 12.00
# Visual Studio Version 17
VisualStudioVersion = 17.13.35931.197 d17.13
MinimumVisualStudioVersion = 10.0.40219.1
Project("{FAE04EC0-301F-11D3-BF4B-00C04F79EFBC}") = "forIT", "forIT.csproj", "{4A6DD56A-B700-41AB-B286-7C7A7242FDAA}"
EndProject
Global
	GlobalSection(SolutionConfigurationPlatforms) = preSolution
		Debug|Any CPU = Debug|Any CPU
		Release|Any CPU = Release|Any CPU
	EndGlobalSection
	GlobalSection(ProjectConfigurationPlatforms) = postSolution
		{4A6DD56A-B700-41AB-B286-7C7A7242FDAA}.Debug|Any CPU.ActiveCfg = Debug|Any CPU
		{4A6DD56A-B700-41AB-B286-7C7A7242FDAA}.Debug|Any CPU.Build.0 = Debug|Any CPU
		{4A6DD56A-B700-41AB-B286-7C7A7242FDAA}.Release|Any CPU.ActiveCfg = Release|Any CPU
		{4A6DD56A-B700-41AB-B286-7C7A7242FDAA}.Release|Any CPU.Build.0 = Release|Any CPU
	EndGlobalSection
	GlobalSection(SolutionProperties) = preSolution
		HideSolutionNode = FALSE
	EndGlobalSection
	GlobalSection(ExtensibilityGlobals) = postSolution
		SolutionGuid = {F2EB797B-6CF8-4892-B0A0-0623B0F7C914}
	EndGlobalSection
EndGlobal
