
Microsoft Visual Studio Solution File, Format Version 12.00
# Visual Studio Version 17
VisualStudioVersion = 17.13.35931.197 d17.13
MinimumVisualStudioVersion = 10.0.40219.1
Project("{FAE04EC0-301F-11D3-BF4B-00C04F79EFBC}") = "gerenciadorListaDeCompras", "gerenciadorListaDeCompras.csproj", "{DAD3C85C-CC12-419E-8073-D23A1541792F}"
EndProject
Global
	GlobalSection(SolutionConfigurationPlatforms) = preSolution
		Debug|Any CPU = Debug|Any CPU
		Release|Any CPU = Release|Any CPU
	EndGlobalSection
	GlobalSection(ProjectConfigurationPlatforms) = postSolution
		{DAD3C85C-CC12-419E-8073-D23A1541792F}.Debug|Any CPU.ActiveCfg = Debug|Any CPU
		{DAD3C85C-CC12-419E-8073-D23A1541792F}.Debug|Any CPU.Build.0 = Debug|Any CPU
		{DAD3C85C-CC12-419E-8073-D23A1541792F}.Release|Any CPU.ActiveCfg = Release|Any CPU
		{DAD3C85C-CC12-419E-8073-D23A1541792F}.Release|Any CPU.Build.0 = Release|Any CPU
	EndGlobalSection
	GlobalSection(SolutionProperties) = preSolution
		HideSolutionNode = FALSE
	EndGlobalSection
	GlobalSection(ExtensibilityGlobals) = postSolution
		SolutionGuid = {73F4F93B-1B58-46B8-86C6-2C7AF3906110}
	EndGlobalSection
EndGlobal
