
Microsoft Visual Studio Solution File, Format Version 12.00
# Visual Studio Version 17
VisualStudioVersion = 17.13.35931.197 d17.13
MinimumVisualStudioVersion = 10.0.40219.1
Project("{FAE04EC0-301F-11D3-BF4B-00C04F79EFBC}") = "operadoresLogicos", "operadoresLogicos.csproj", "{76A77C3F-823E-439E-B1CC-78A5039F5F07}"
EndProject
Global
	GlobalSection(SolutionConfigurationPlatforms) = preSolution
		Debug|Any CPU = Debug|Any CPU
		Release|Any CPU = Release|Any CPU
	EndGlobalSection
	GlobalSection(ProjectConfigurationPlatforms) = postSolution
		{76A77C3F-823E-439E-B1CC-78A5039F5F07}.Debug|Any CPU.ActiveCfg = Debug|Any CPU
		{76A77C3F-823E-439E-B1CC-78A5039F5F07}.Debug|Any CPU.Build.0 = Debug|Any CPU
		{76A77C3F-823E-439E-B1CC-78A5039F5F07}.Release|Any CPU.ActiveCfg = Release|Any CPU
		{76A77C3F-823E-439E-B1CC-78A5039F5F07}.Release|Any CPU.Build.0 = Release|Any CPU
	EndGlobalSection
	GlobalSection(SolutionProperties) = preSolution
		HideSolutionNode = FALSE
	EndGlobalSection
	GlobalSection(ExtensibilityGlobals) = postSolution
		SolutionGuid = {50858288-812D-41FE-90CB-7074E59D2D85}
	EndGlobalSection
EndGlobal
